
Microsoft Visual Studio Solution File, Format Version 12.00
# Visual Studio 15
VisualStudioVersion = 15.0.28010.2046
MinimumVisualStudioVersion = 10.0.40219.1
Project("{FAE04EC0-301F-11D3-BF4B-00C04F79EFBC}") = "XsltService", "XsltService\XsltService.csproj", "{587777FD-D399-4098-8DA5-E8DBBE14F2C4}"
EndProject
Global
	GlobalSection(SolutionConfigurationPlatforms) = preSolution
		Debug|Any CPU = Debug|Any CPU
		Release|Any CPU = Release|Any CPU
	EndGlobalSection
	GlobalSection(ProjectConfigurationPlatforms) = postSolution
		{587777FD-D399-4098-8DA5-E8DBBE14F2C4}.Debug|Any CPU.ActiveCfg = Debug|Any CPU
		{587777FD-D399-4098-8DA5-E8DBBE14F2C4}.Debug|Any CPU.Build.0 = Debug|Any CPU
		{587777FD-D399-4098-8DA5-E8DBBE14F2C4}.Release|Any CPU.ActiveCfg = Release|Any CPU
		{587777FD-D399-4098-8DA5-E8DBBE14F2C4}.Release|Any CPU.Build.0 = Release|Any CPU
	EndGlobalSection
	GlobalSection(SolutionProperties) = preSolution
		HideSolutionNode = FALSE
	EndGlobalSection
	GlobalSection(ExtensibilityGlobals) = postSolution
		SolutionGuid = {16CE0B33-D95D-46DF-9CE2-392D3EF5F855}
	EndGlobalSection
EndGlobal
